Microsoft Visual Studio Solution File, Format Version 8.00
Project("{F184B08F-C81C-45F6-A57F-5ABD9991F28F}") = "VB-Hawk", "VB-Hawk.vbproj", "{A4D2F385-68D7-4FC4-B899-BE5283CCCC2B}"
	ProjectSection(ProjectDependencies) = postProject
	EndProjectSection
EndProject
Global
	GlobalSection(SolutionConfiguration) = preSolution
		Debug = Debug
		Release = Release
	EndGlobalSection
	GlobalSection(ProjectConfiguration) = postSolution
		{A4D2F385-68D7-4FC4-B899-BE5283CCCC2B}.Debug.ActiveCfg = Debug|.NET
		{A4D2F385-68D7-4FC4-B899-BE5283CCCC2B}.Debug.Build.0 = Debug|.NET
		{A4D2F385-68D7-4FC4-B899-BE5283CCCC2B}.Release.ActiveCfg = Release|.NET
		{A4D2F385-68D7-4FC4-B899-BE5283CCCC2B}.Release.Build.0 = Release|.NET
	EndGlobalSection
	GlobalSection(ExtensibilityGlobals) = postSolution
	EndGlobalSection
	GlobalSection(ExtensibilityAddIns) = postSolution
	EndGlobalSection
EndGlobal
